
Microsoft Visual Studio Solution File, Format Version 12.00
# Visual Studio Version 16
VisualStudioVersion = 16.0.28917.181
MinimumVisualStudioVersion = 10.0.40219.1
Project("{FAE04EC0-301F-11D3-BF4B-00C04F79EFBC}") = "AngryBirds", "BasicsOfProgrammingPartOne\AngryBirds\AngryBirds.csproj", "{23B9004E-6038-4127-8AD4-500EAAAF63C7}"
EndProject
Project("{FAE04EC0-301F-11D3-BF4B-00C04F79EFBC}") = "Billiards", "BasicsOfProgrammingPartOne\Billiards\Billiards.csproj", "{5A59E50B-7340-49BC-8398-6F82C86F99D9}"
EndProject
Project("{FAE04EC0-301F-11D3-BF4B-00C04F79EFBC}") = "Distance", "BasicsOfProgrammingPartOne\Distance\Distance.csproj", "{A7607F62-2517-4779-84D4-3D378809A97E}"
EndProject
Project("{FAE04EC0-301F-11D3-BF4B-00C04F79EFBC}") = "DragonFractal", "BasicsOfProgrammingPartOne\DragonFractal\DragonFractal.csproj", "{1BE7005E-6AE9-4587-9FE7-62EE40CE3E4A}"
EndProject
Project("{FAE04EC0-301F-11D3-BF4B-00C04F79EFBC}") = "Mazes", "BasicsOfProgrammingPartOne\Mazes\Mazes.csproj", "{84C0439A-B05A-4BFC-A73E-BA1F99953814}"
EndProject
Project("{FAE04EC0-301F-11D3-BF4B-00C04F79EFBC}") = "Names", "BasicsOfProgrammingPartOne\Names\Names.csproj", "{616230F0-26C5-4954-8A86-827F1C3E72ED}"
EndProject
Project("{FAE04EC0-301F-11D3-BF4B-00C04F79EFBC}") = "Pluralize", "BasicsOfProgrammingPartOne\Pluralize\Pluralize.csproj", "{105ABC87-92A4-42BA-8B34-5232D8A1FDC8}"
EndProject
Project("{FAE04EC0-301F-11D3-BF4B-00C04F79EFBC}") = "Rectangles", "BasicsOfProgrammingPartOne\Rectangles\Rectangles.csproj", "{E8B0D136-D22F-4550-A136-BB577FCBEC8F}"
EndProject
Project("{FAE04EC0-301F-11D3-BF4B-00C04F79EFBC}") = "TextAnalysis", "BasicsOfProgrammingPartOne\TextAnalysis\TextAnalysis.csproj", "{E7F5D985-677D-4246-BA75-4BAE24DF38B5}"
EndProject
Project("{2150E333-8FDC-42A3-9474-1A3956D46DE8}") = "BasicsOfProgrammingPartOne", "BasicsOfProgrammingPartOne", "{A1B8407B-7531-4B5F-B6E9-685CB741C8A2}"
EndProject
Project("{2150E333-8FDC-42A3-9474-1A3956D46DE8}") = "PracticalWorkOnLINQ", "PracticalWorkOnLINQ", "{6C567BAC-8E83-4C00-8EF9-2E4E6F1C1331}"
EndProject
Project("{9A19103F-16F7-4668-BE54-9A1E7A4F7556}") = "LINQ", "PracticalWorkOnLINQ\LINQ\LINQ.csproj", "{CD7C1D7D-1726-4ECC-B723-FEFACA1526AE}"
EndProject
Project("{FAE04EC0-301F-11D3-BF4B-00C04F79EFBC}") = "Ulearn.me", "Ulearn.me\Ulearn.me.csproj", "{C72DE2AF-D4E3-434F-ABE8-DBFD120011D5}"
EndProject
Project("{FAE04EC0-301F-11D3-BF4B-00C04F79EFBC}") = "BenfordStatistics", "BasicsOfProgrammingPartOne\BenfordStatistics\BenfordStatistics.csproj", "{FB21C5BA-86CE-4C3E-A1FC-95A6156950D8}"
EndProject
Global
	GlobalSection(SolutionConfigurationPlatforms) = preSolution
		Debug|Any CPU = Debug|Any CPU
		Release|Any CPU = Release|Any CPU
	EndGlobalSection
	GlobalSection(ProjectConfigurationPlatforms) = postSolution
		{23B9004E-6038-4127-8AD4-500EAAAF63C7}.Debug|Any CPU.ActiveCfg = Debug|Any CPU
		{23B9004E-6038-4127-8AD4-500EAAAF63C7}.Debug|Any CPU.Build.0 = Debug|Any CPU
		{23B9004E-6038-4127-8AD4-500EAAAF63C7}.Release|Any CPU.ActiveCfg = Release|Any CPU
		{23B9004E-6038-4127-8AD4-500EAAAF63C7}.Release|Any CPU.Build.0 = Release|Any CPU
		{5A59E50B-7340-49BC-8398-6F82C86F99D9}.Debug|Any CPU.ActiveCfg = Debug|Any CPU
		{5A59E50B-7340-49BC-8398-6F82C86F99D9}.Debug|Any CPU.Build.0 = Debug|Any CPU
		{5A59E50B-7340-49BC-8398-6F82C86F99D9}.Release|Any CPU.ActiveCfg = Release|Any CPU
		{5A59E50B-7340-49BC-8398-6F82C86F99D9}.Release|Any CPU.Build.0 = Release|Any CPU
		{A7607F62-2517-4779-84D4-3D378809A97E}.Debug|Any CPU.ActiveCfg = Debug|Any CPU
		{A7607F62-2517-4779-84D4-3D378809A97E}.Debug|Any CPU.Build.0 = Debug|Any CPU
		{A7607F62-2517-4779-84D4-3D378809A97E}.Release|Any CPU.ActiveCfg = Release|Any CPU
		{A7607F62-2517-4779-84D4-3D378809A97E}.Release|Any CPU.Build.0 = Release|Any CPU
		{1BE7005E-6AE9-4587-9FE7-62EE40CE3E4A}.Debug|Any CPU.ActiveCfg = Debug|Any CPU
		{1BE7005E-6AE9-4587-9FE7-62EE40CE3E4A}.Debug|Any CPU.Build.0 = Debug|Any CPU
		{1BE7005E-6AE9-4587-9FE7-62EE40CE3E4A}.Release|Any CPU.ActiveCfg = Release|Any CPU
		{1BE7005E-6AE9-4587-9FE7-62EE40CE3E4A}.Release|Any CPU.Build.0 = Release|Any CPU
		{84C0439A-B05A-4BFC-A73E-BA1F99953814}.Debug|Any CPU.ActiveCfg = Debug|Any CPU
		{84C0439A-B05A-4BFC-A73E-BA1F99953814}.Debug|Any CPU.Build.0 = Debug|Any CPU
		{84C0439A-B05A-4BFC-A73E-BA1F99953814}.Release|Any CPU.ActiveCfg = Release|Any CPU
		{84C0439A-B05A-4BFC-A73E-BA1F99953814}.Release|Any CPU.Build.0 = Release|Any CPU
		{616230F0-26C5-4954-8A86-827F1C3E72ED}.Debug|Any CPU.ActiveCfg = Debug|Any CPU
		{616230F0-26C5-4954-8A86-827F1C3E72ED}.Debug|Any CPU.Build.0 = Debug|Any CPU
		{616230F0-26C5-4954-8A86-827F1C3E72ED}.Release|Any CPU.ActiveCfg = Release|Any CPU
		{616230F0-26C5-4954-8A86-827F1C3E72ED}.Release|Any CPU.Build.0 = Release|Any CPU
		{105ABC87-92A4-42BA-8B34-5232D8A1FDC8}.Debug|Any CPU.ActiveCfg = Debug|Any CPU
		{105ABC87-92A4-42BA-8B34-5232D8A1FDC8}.Debug|Any CPU.Build.0 = Debug|Any CPU
		{105ABC87-92A4-42BA-8B34-5232D8A1FDC8}.Release|Any CPU.ActiveCfg = Release|Any CPU
		{105ABC87-92A4-42BA-8B34-5232D8A1FDC8}.Release|Any CPU.Build.0 = Release|Any CPU
		{E8B0D136-D22F-4550-A136-BB577FCBEC8F}.Debug|Any CPU.ActiveCfg = Debug|Any CPU
		{E8B0D136-D22F-4550-A136-BB577FCBEC8F}.Debug|Any CPU.Build.0 = Debug|Any CPU
		{E8B0D136-D22F-4550-A136-BB577FCBEC8F}.Release|Any CPU.ActiveCfg = Release|Any CPU
		{E8B0D136-D22F-4550-A136-BB577FCBEC8F}.Release|Any CPU.Build.0 = Release|Any CPU
		{E7F5D985-677D-4246-BA75-4BAE24DF38B5}.Debug|Any CPU.ActiveCfg = Debug|Any CPU
		{E7F5D985-677D-4246-BA75-4BAE24DF38B5}.Debug|Any CPU.Build.0 = Debug|Any CPU
		{E7F5D985-677D-4246-BA75-4BAE24DF38B5}.Release|Any CPU.ActiveCfg = Release|Any CPU
		{E7F5D985-677D-4246-BA75-4BAE24DF38B5}.Release|Any CPU.Build.0 = Release|Any CPU
		{CD7C1D7D-1726-4ECC-B723-FEFACA1526AE}.Debug|Any CPU.ActiveCfg = Debug|Any CPU
		{CD7C1D7D-1726-4ECC-B723-FEFACA1526AE}.Debug|Any CPU.Build.0 = Debug|Any CPU
		{CD7C1D7D-1726-4ECC-B723-FEFACA1526AE}.Release|Any CPU.ActiveCfg = Release|Any CPU
		{CD7C1D7D-1726-4ECC-B723-FEFACA1526AE}.Release|Any CPU.Build.0 = Release|Any CPU
		{C72DE2AF-D4E3-434F-ABE8-DBFD120011D5}.Debug|Any CPU.ActiveCfg = Debug|Any CPU
		{C72DE2AF-D4E3-434F-ABE8-DBFD120011D5}.Debug|Any CPU.Build.0 = Debug|Any CPU
		{C72DE2AF-D4E3-434F-ABE8-DBFD120011D5}.Release|Any CPU.ActiveCfg = Release|Any CPU
		{C72DE2AF-D4E3-434F-ABE8-DBFD120011D5}.Release|Any CPU.Build.0 = Release|Any CPU
		{FB21C5BA-86CE-4C3E-A1FC-95A6156950D8}.Debug|Any CPU.ActiveCfg = Debug|Any CPU
		{FB21C5BA-86CE-4C3E-A1FC-95A6156950D8}.Debug|Any CPU.Build.0 = Debug|Any CPU
		{FB21C5BA-86CE-4C3E-A1FC-95A6156950D8}.Release|Any CPU.ActiveCfg = Release|Any CPU
		{FB21C5BA-86CE-4C3E-A1FC-95A6156950D8}.Release|Any CPU.Build.0 = Release|Any CPU
	EndGlobalSection
	GlobalSection(SolutionProperties) = preSolution
		HideSolutionNode = FALSE
	EndGlobalSection
	GlobalSection(NestedProjects) = preSolution
		{23B9004E-6038-4127-8AD4-500EAAAF63C7} = {A1B8407B-7531-4B5F-B6E9-685CB741C8A2}
		{5A59E50B-7340-49BC-8398-6F82C86F99D9} = {A1B8407B-7531-4B5F-B6E9-685CB741C8A2}
		{A7607F62-2517-4779-84D4-3D378809A97E} = {A1B8407B-7531-4B5F-B6E9-685CB741C8A2}
		{1BE7005E-6AE9-4587-9FE7-62EE40CE3E4A} = {A1B8407B-7531-4B5F-B6E9-685CB741C8A2}
		{84C0439A-B05A-4BFC-A73E-BA1F99953814} = {A1B8407B-7531-4B5F-B6E9-685CB741C8A2}
		{616230F0-26C5-4954-8A86-827F1C3E72ED} = {A1B8407B-7531-4B5F-B6E9-685CB741C8A2}
		{105ABC87-92A4-42BA-8B34-5232D8A1FDC8} = {A1B8407B-7531-4B5F-B6E9-685CB741C8A2}
		{E8B0D136-D22F-4550-A136-BB577FCBEC8F} = {A1B8407B-7531-4B5F-B6E9-685CB741C8A2}
		{E7F5D985-677D-4246-BA75-4BAE24DF38B5} = {A1B8407B-7531-4B5F-B6E9-685CB741C8A2}
		{CD7C1D7D-1726-4ECC-B723-FEFACA1526AE} = {6C567BAC-8E83-4C00-8EF9-2E4E6F1C1331}
		{FB21C5BA-86CE-4C3E-A1FC-95A6156950D8} = {A1B8407B-7531-4B5F-B6E9-685CB741C8A2}
	EndGlobalSection
	GlobalSection(ExtensibilityGlobals) = postSolution
		SolutionGuid = {83429F85-CFDC-4F03-ADB5-C461D7856E92}
	EndGlobalSection
EndGlobal
